
Microsoft Visual Studio Solution File, Format Version 12.00
# Visual Studio 15
VisualStudioVersion = 15.0.26730.8
MinimumVisualStudioVersion = 10.0.40219.1
Project("{9A19103F-16F7-4668-BE54-9A1E7A4F7556}") = "InfluxDbWriter", "InfluxDbWriter\InfluxDbWriter.csproj", "{3565007B-D97C-4CC6-A783-3F58B4E7124A}"
EndProject
Project("{FAE04EC0-301F-11D3-BF4B-00C04F79EFBC}") = "MySqlWriter", "MySqlWriter\MySqlWriter.csproj", "{85D6FD20-369B-4677-8DBE-86B09E57D1E0}"
EndProject
Global
	GlobalSection(SolutionConfigurationPlatforms) = preSolution
		Debug|Any CPU = Debug|Any CPU
		Release|Any CPU = Release|Any CPU
	EndGlobalSection
	GlobalSection(ProjectConfigurationPlatforms) = postSolution
		{3565007B-D97C-4CC6-A783-3F58B4E7124A}.Debug|Any CPU.ActiveCfg = Debug|Any CPU
		{3565007B-D97C-4CC6-A783-3F58B4E7124A}.Debug|Any CPU.Build.0 = Debug|Any CPU
		{3565007B-D97C-4CC6-A783-3F58B4E7124A}.Release|Any CPU.ActiveCfg = Release|Any CPU
		{3565007B-D97C-4CC6-A783-3F58B4E7124A}.Release|Any CPU.Build.0 = Release|Any CPU
		{85D6FD20-369B-4677-8DBE-86B09E57D1E0}.Debug|Any CPU.ActiveCfg = Debug|Any CPU
		{85D6FD20-369B-4677-8DBE-86B09E57D1E0}.Debug|Any CPU.Build.0 = Debug|Any CPU
		{85D6FD20-369B-4677-8DBE-86B09E57D1E0}.Release|Any CPU.ActiveCfg = Release|Any CPU
		{85D6FD20-369B-4677-8DBE-86B09E57D1E0}.Release|Any CPU.Build.0 = Release|Any CPU
	EndGlobalSection
	GlobalSection(SolutionProperties) = preSolution
		HideSolutionNode = FALSE
	EndGlobalSection
	GlobalSection(ExtensibilityGlobals) = postSolution
		SolutionGuid = {3D947F4D-2123-40CB-9133-3ADF8128F615}
	EndGlobalSection
EndGlobal
